<?xml version="1.0" encoding="utf-8"?>
<Project ToolsVersion="4.0" xmlns="http://schemas.microsoft.com/developer/msbuild/2003">
  <ItemGroup>
    <Filter Include="Source Files">
      <UniqueIdentifier>{4FC737F1-C7A5-4376-A066-2A32D752A2FF}</UniqueIdentifier>
      <Extensions>cpp;c;cc;cxx;c++;cppm;ixx;def;odl;idl;hpj;bat;asm;asmx</Extensions>
    </Filter>
    <Filter Include="Header Files">
      <UniqueIdentifier>{93995380-89BD-4b04-88EB-625FBE52EBFB}</UniqueIdentifier>
      <Extensions>h;hh;hpp;hxx;h++;hm;inl;inc;ipp;xsd</Extensions>
    </Filter>
    <Filter Include="Resource Files">
      <UniqueIdentifier>{67DA6AB6-F800-4c08-8B7A-83BB121AAD01}</UniqueIdentifier>
      <Extensions>rc;ico;cur;bmp;dlg;rc2;rct;bin;rgs;gif;jpg;jpeg;jpe;resx;tiff;tif;png;wav;mfcribbon-ms</Extensions>
    </Filter>
    <Filter Include="Source Files\inl">
      <UniqueIdentifier>{d60bc93f-fda2-46a8-85ba-91c2baef8054}</UniqueIdentifier>
    </Filter>
    <Filter Include="Source Files\cpp">
      <UniqueIdentifier>{307651fb-85f4-40f3-9077-89a58d878c21}</UniqueIdentifier>
    </Filter>
  </ItemGroup>
  <ItemGroup>
    <ClInclude Include="other\win\keyboard.hpp">
      <Filter>Header Files</Filter>
    </ClInclude>
    <ClInclude Include="other\network.hpp">
      <Filter>Header Files</Filter>
    </ClInclude>
    <ClInclude Include="utility\image.hpp">
      <Filter>Header Files</Filter>
    </ClInclude>
    <ClInclude Include="string\format.hpp">
      <Filter>Header Files</Filter>
    </ClInclude>
    <ClInclude Include="test.hpp">
      <Filter>Header Files</Filter>
    </ClInclude>
    <ClInclude Include="macro.hpp">
      <Filter>Header Files</Filter>
    </ClInclude>
    <ClInclude Include="mode.hpp">
      <Filter>Header Files</Filter>
    </ClInclude>
    <ClInclude Include="io\io_log.hpp">
      <Filter>Header Files</Filter>
    </ClInclude>
  </ItemGroup>
  <ItemGroup>
    <None Include="other\win\inl\keyboard.inl">
      <Filter>Header Files</Filter>
    </None>
    <None Include="typ\inl\typ_traits.inl">
      <Filter>Header Files</Filter>
    </None>
    <None Include="typ\inl\typ_variadic.inl">
      <Filter>Header Files</Filter>
    </None>
    <None Include="typ\inl\typ_ranges.inl">
      <Filter>Header Files</Filter>
    </None>
    <None Include="other\win\inl\cth_win.inl">
      <Filter>Header Files</Filter>
    </None>
  </ItemGroup>
  <ItemGroup>
    <Text Include="utility\regex\remove_const_func_param.txt" />
  </ItemGroup>
  <ItemGroup>
    <ClCompile Include="alg\cth_alg_utility.ixx">
      <Filter>Source Files</Filter>
    </ClCompile>
    <ClCompile Include="alg\cth_alg_views.ixx">
      <Filter>Source Files</Filter>
    </ClCompile>
    <ClCompile Include="typ\cth_typ_utility.ixx">
      <Filter>Source Files</Filter>
    </ClCompile>
    <ClCompile Include="typ\cth_typ_concepts.ixx">
      <Filter>Source Files</Filter>
    </ClCompile>
    <ClCompile Include="typ\cth_typ_tuple.ixx">
      <Filter>Source Files</Filter>
    </ClCompile>
    <ClCompile Include="typ\cth_typ_md.ixx">
      <Filter>Source Files</Filter>
    </ClCompile>
    <ClCompile Include="typ\cth_typ_traits.ixx">
      <Filter>Source Files</Filter>
    </ClCompile>
    <ClCompile Include="typ\cth_typ_variadic.ixx">
      <Filter>Source Files</Filter>
    </ClCompile>
    <ClCompile Include="typ\cth_typ_variant.ixx">
      <Filter>Source Files</Filter>
    </ClCompile>
    <ClCompile Include="typ\cth_typ_ranges.ixx">
      <Filter>Source Files</Filter>
    </ClCompile>
    <ClCompile Include="alg\cth_alg_hash.ixx">
      <Filter>Source Files</Filter>
    </ClCompile>
    <ClCompile Include="alg\cth_alg_ranges.ixx">
      <Filter>Source Files</Filter>
    </ClCompile>
    <ClCompile Include="cth_exception.ixx">
      <Filter>Source Files</Filter>
    </ClCompile>
    <ClCompile Include="cth_constants.ixx">
      <Filter>Source Files</Filter>
    </ClCompile>
    <ClCompile Include="io\cth_io_console.ixx">
      <Filter>Source Files</Filter>
    </ClCompile>
    <ClCompile Include="cth_string.ixx">
      <Filter>Source Files</Filter>
    </ClCompile>
    <ClCompile Include="cth_functional.ixx">
      <Filter>Source Files</Filter>
    </ClCompile>
    <ClCompile Include="cth_numeric.ixx">
      <Filter>Source Files</Filter>
    </ClCompile>
    <ClCompile Include="cth_ptr.ixx">
      <Filter>Source Files</Filter>
    </ClCompile>
    <ClCompile Include="ptr\cth_ptr_move.ixx">
      <Filter>Source Files</Filter>
    </ClCompile>
    <ClCompile Include="ptr\cth_ptr_not_null.ixx">
      <Filter>Source Files</Filter>
    </ClCompile>
    <ClCompile Include="other\cth_win.ixx">
      <Filter>Source Files</Filter>
    </ClCompile>
    <ClCompile Include="io\cth_io_log.ixx">
      <Filter>Source Files</Filter>
    </ClCompile>
    <ClCompile Include="utility\image.ixx">
      <Filter>Source Files</Filter>
    </ClCompile>
    <ClCompile Include="cth_typ.ixx">
      <Filter>Source Files</Filter>
    </ClCompile>
    <ClCompile Include="cth_alg.ixx">
      <Filter>Source Files</Filter>
    </ClCompile>
    <ClCompile Include="cth_io.ixx">
      <Filter>Source Files</Filter>
    </ClCompile>
    <ClCompile Include="cth.ixx">
      <Filter>Source Files</Filter>
    </ClCompile>
    <ClCompile Include="other\network.ixx">
      <Filter>Source Files</Filter>
    </ClCompile>
    <ClCompile Include="io\cth_io_file.ixx">
      <Filter>Source Files</Filter>
    </ClCompile>
  </ItemGroup>
</Project>