<?xml version="1.0" encoding="utf-8"?>
<Project ToolsVersion="4.0" xmlns="http://schemas.microsoft.com/developer/msbuild/2003">
  <ItemGroup>
    <Filter Include="Source Files">
      <UniqueIdentifier>{4FC737F1-C7A5-4376-A066-2A32D752A2FF}</UniqueIdentifier>
      <Extensions>cpp;c;cc;cxx;c++;cppm;ixx;def;odl;idl;hpj;bat;asm;asmx</Extensions>
    </Filter>
    <Filter Include="Header Files">
      <UniqueIdentifier>{93995380-89BD-4b04-88EB-625FBE52EBFB}</UniqueIdentifier>
      <Extensions>h;hh;hpp;hxx;h++;hm;inl;inc;ipp;xsd</Extensions>
    </Filter>
    <Filter Include="Resource Files">
      <UniqueIdentifier>{67DA6AB6-F800-4c08-8B7A-83BB121AAD01}</UniqueIdentifier>
      <Extensions>rc;ico;cur;bmp;dlg;rc2;rct;bin;rgs;gif;jpg;jpeg;jpe;resx;tiff;tif;png;wav;mfcribbon-ms</Extensions>
    </Filter>
    <Filter Include="Source Files\inl">
      <UniqueIdentifier>{d60bc93f-fda2-46a8-85ba-91c2baef8054}</UniqueIdentifier>
    </Filter>
    <Filter Include="Source Files\cpp">
      <UniqueIdentifier>{307651fb-85f4-40f3-9077-89a58d878c21}</UniqueIdentifier>
    </Filter>
  </ItemGroup>
  <ItemGroup>
    <ClInclude Include="algorithm.hpp">
      <Filter>Header Files</Filter>
    </ClInclude>
    <ClInclude Include="io\console.hpp">
      <Filter>Header Files</Filter>
    </ClInclude>
    <ClInclude Include="windows\keyboard.hpp">
      <Filter>Header Files</Filter>
    </ClInclude>
    <ClInclude Include="io\log.hpp">
      <Filter>Header Files</Filter>
    </ClInclude>
    <ClInclude Include="network.hpp">
      <Filter>Header Files</Filter>
    </ClInclude>
    <ClInclude Include="numeric.hpp">
      <Filter>Header Files</Filter>
    </ClInclude>
    <ClInclude Include="string.hpp">
      <Filter>Header Files</Filter>
    </ClInclude>
    <ClInclude Include="types\type_traits.hpp">
      <Filter>Header Files</Filter>
    </ClInclude>
    <ClInclude Include="windows.hpp">
      <Filter>Header Files</Filter>
    </ClInclude>
    <ClInclude Include="exception.hpp">
      <Filter>Header Files</Filter>
    </ClInclude>
    <ClInclude Include="image.hpp">
      <Filter>Header Files</Filter>
    </ClInclude>
    <ClInclude Include="types\variant.hpp">
      <Filter>Header Files</Filter>
    </ClInclude>
    <ClInclude Include="pointers.hpp">
      <Filter>Header Files</Filter>
    </ClInclude>
    <ClInclude Include="io.hpp">
      <Filter>Header Files</Filter>
    </ClInclude>
    <ClInclude Include="cth.hpp">
      <Filter>Header Files</Filter>
    </ClInclude>
    <ClInclude Include="constants.hpp">
      <Filter>Header Files</Filter>
    </ClInclude>
    <ClInclude Include="pointer\not_null.hpp">
      <Filter>Header Files</Filter>
    </ClInclude>
    <ClInclude Include="pointer\move_ptr.hpp">
      <Filter>Header Files</Filter>
    </ClInclude>
    <ClInclude Include="format.hpp">
      <Filter>Header Files</Filter>
    </ClInclude>
    <ClInclude Include="types.hpp">
      <Filter>Header Files</Filter>
    </ClInclude>
    <ClInclude Include="types\md.hpp">
      <Filter>Header Files</Filter>
    </ClInclude>
    <ClInclude Include="types\utility.hpp">
      <Filter>Header Files</Filter>
    </ClInclude>
    <ClInclude Include="types\concepts.hpp">
      <Filter>Header Files</Filter>
    </ClInclude>
    <ClInclude Include="types\variadic.hpp">
      <Filter>Header Files</Filter>
    </ClInclude>
    <ClInclude Include="types\ranges.hpp">
      <Filter>Header Files</Filter>
    </ClInclude>
    <ClInclude Include="types\tuple.hpp">
      <Filter>Header Files</Filter>
    </ClInclude>
    <ClInclude Include="test.hpp">
      <Filter>Header Files</Filter>
    </ClInclude>
    <ClInclude Include="io\file.hpp">
      <Filter>Header Files</Filter>
    </ClInclude>
  </ItemGroup>
  <ItemGroup>
    <ClCompile Include="main.cpp">
      <Filter>Source Files</Filter>
    </ClCompile>
  </ItemGroup>
  <ItemGroup>
    <None Include="windows\windows.inl">
      <Filter>Source Files\inl</Filter>
    </None>
    <None Include="io\inl\read.inl">
      <Filter>Header Files</Filter>
    </None>
    <None Include="types\inl\type_traits.inl">
      <Filter>Header Files</Filter>
    </None>
    <None Include="types\inl\variadic.inl">
      <Filter>Header Files</Filter>
    </None>
    <None Include="types\inl\ranges.inl">
      <Filter>Header Files</Filter>
    </None>
  </ItemGroup>
  <ItemGroup>
    <Text Include="utility\regex\remove_const_func_param.txt" />
  </ItemGroup>
</Project>